// !$*UTF8*$!
{
	archiveVersion = 1;
	classes = {
	};
	objectVersion = 48;
	objects = {

/* Begin PBXBuildFile section */
		781CE9D91FCEFFDF00BACA8A /* InternetDetailViewController.swift in Sources */ = {isa = PBXBuildFile; fileRef = 781CE9D81FCEFFDF00BACA8A /* InternetDetailViewController.swift */; };
		781CE9DB1FCEFFF800BACA8A /* InternetMasterViewController.swift in Sources */ = {isa = PBXBuildFile; fileRef = 781CE9DA1FCEFFF800BACA8A /* InternetMasterViewController.swift */; };
		781CE9DE1FCF0B3500BACA8A /* WebKit.framework in Frameworks */ = {isa = PBXBuildFile; fileRef = 781CE9DD1FCF0B3500BACA8A /* WebKit.framework */; };
		785CF3161FD6F0750063CBCC /* DrawingView.swift in Sources */ = {isa = PBXBuildFile; fileRef = 785CF3151FD6F0750063CBCC /* DrawingView.swift */; };
		786013051FA21FB500326F34 /* AppDelegate.swift in Sources */ = {isa = PBXBuildFile; fileRef = 786013041FA21FB500326F34 /* AppDelegate.swift */; };
		786013071FA21FB500326F34 /* ViewController.swift in Sources */ = {isa = PBXBuildFile; fileRef = 786013061FA21FB500326F34 /* ViewController.swift */; };
		7860130A1FA21FB500326F34 /* Main.storyboard in Resources */ = {isa = PBXBuildFile; fileRef = 786013081FA21FB500326F34 /* Main.storyboard */; };
		7860130C1FA21FB500326F34 /* Assets.xcassets in Resources */ = {isa = PBXBuildFile; fileRef = 7860130B1FA21FB500326F34 /* Assets.xcassets */; };
		7860131A1FA21FB500326F34 /* DylanZettler_CSPTests.swift in Sources */ = {isa = PBXBuildFile; fileRef = 786013191FA21FB500326F34 /* DylanZettler_CSPTests.swift */; };
		786013251FA21FB500326F34 /* DylanZettler_CSPUITests.swift in Sources */ = {isa = PBXBuildFile; fileRef = 786013241FA21FB500326F34 /* DylanZettler_CSPUITests.swift */; };
		7861192B1FE9686F00D690F0 /* DeathScene.swift in Sources */ = {isa = PBXBuildFile; fileRef = 7861192A1FE9686F00D690F0 /* DeathScene.swift */; };
		7896B7351FE174CB004F494F /* Sounds in Resources */ = {isa = PBXBuildFile; fileRef = 7896B7341FE174CB004F494F /* Sounds */; };
		7896B7371FE176D4004F494F /* Utilities.swift in Sources */ = {isa = PBXBuildFile; fileRef = 7896B7361FE176D4004F494F /* Utilities.swift */; };
		7896B7391FE176F8004F494F /* StarField.sks in Resources */ = {isa = PBXBuildFile; fileRef = 7896B7381FE176F8004F494F /* StarField.sks */; };
		7896B73F1FE181E6004F494F /* StartScene.swift in Sources */ = {isa = PBXBuildFile; fileRef = 7896B73C1FE181E5004F494F /* StartScene.swift */; };
		7896B7401FE181E6004F494F /* GameScene.swift in Sources */ = {isa = PBXBuildFile; fileRef = 7896B73D1FE181E5004F494F /* GameScene.swift */; };
		7896B7411FE181E6004F494F /* LevelCompleteScene.swift in Sources */ = {isa = PBXBuildFile; fileRef = 7896B73E1FE181E6004F494F /* LevelCompleteScene.swift */; };
		7896B7481FE188AC004F494F /* InvaderLaser.swift in Sources */ = {isa = PBXBuildFile; fileRef = 7896B7431FE188AB004F494F /* InvaderLaser.swift */; };
		7896B7491FE188AC004F494F /* Projectile.swift in Sources */ = {isa = PBXBuildFile; fileRef = 7896B7441FE188AB004F494F /* Projectile.swift */; };
		7896B74A1FE188AC004F494F /* Player.swift in Sources */ = {isa = PBXBuildFile; fileRef = 7896B7451FE188AC004F494F /* Player.swift */; };
		7896B74B1FE188AC004F494F /* PlayerLaser.swift in Sources */ = {isa = PBXBuildFile; fileRef = 7896B7461FE188AC004F494F /* PlayerLaser.swift */; };
		7896B74C1FE188AC004F494F /* Invader.swift in Sources */ = {isa = PBXBuildFile; fileRef = 7896B7471FE188AC004F494F /* Invader.swift */; };
		78E2123B1FB35A64005DE548 /* AlgorithmViewController.swift in Sources */ = {isa = PBXBuildFile; fileRef = 78E2123A1FB35A64005DE548 /* AlgorithmViewController.swift */; };
		78E2123D1FB35A90005DE548 /* GlobalImpactViewController.swift in Sources */ = {isa = PBXBuildFile; fileRef = 78E2123C1FB35A90005DE548 /* GlobalImpactViewController.swift */; };
		78E2123F1FB35AA1005DE548 /* ProgrammingViewController.swift in Sources */ = {isa = PBXBuildFile; fileRef = 78E2123E1FB35AA1005DE548 /* ProgrammingViewController.swift */; };
		78E212431FB35ABD005DE548 /* AbstractionViewController.swift in Sources */ = {isa = PBXBuildFile; fileRef = 78E212421FB35ABD005DE548 /* AbstractionViewController.swift */; };
		78E212451FB35AD1005DE548 /* DataViewController.swift in Sources */ = {isa = PBXBuildFile; fileRef = 78E212441FB35AD1005DE548 /* DataViewController.swift */; };
		78E212471FB35AE2005DE548 /* CreativityViewController.swift in Sources */ = {isa = PBXBuildFile; fileRef = 78E212461FB35AE2005DE548 /* CreativityViewController.swift */; };
		78E4919D1FD99C720098DA53 /* ArtCell.swift in Sources */ = {isa = PBXBuildFile; fileRef = 78E4919C1FD99C720098DA53 /* ArtCell.swift */; };
/* End PBXBuildFile section */

/* Begin PBXContainerItemProxy section */
		786013161FA21FB500326F34 /* PBXContainerItemProxy */ = {
			isa = PBXContainerItemProxy;
			containerPortal = 786012F91FA21FB500326F34 /* Project object */;
			proxyType = 1;
			remoteGlobalIDString = 786013001FA21FB500326F34;
			remoteInfo = DylanZettler_CSP;
		};
		786013211FA21FB500326F34 /* PBXContainerItemProxy */ = {
			isa = PBXContainerItemProxy;
			containerPortal = 786012F91FA21FB500326F34 /* Project object */;
			proxyType = 1;
			remoteGlobalIDString = 786013001FA21FB500326F34;
			remoteInfo = DylanZettler_CSP;
		};
/* End PBXContainerItemProxy section */

/* Begin PBXFileReference section */
		781CE9D81FCEFFDF00BACA8A /* InternetDetailViewController.swift */ = {isa = PBXFileReference; lastKnownFileType = sourcecode.swift; path = InternetDetailViewController.swift; sourceTree = "<group>"; };
		781CE9DA1FCEFFF800BACA8A /* InternetMasterViewController.swift */ = {isa = PBXFileReference; lastKnownFileType = sourcecode.swift; path = InternetMasterViewController.swift; sourceTree = "<group>"; };
		781CE9DD1FCF0B3500BACA8A /* WebKit.framework */ = {isa = PBXFileReference; lastKnownFileType = wrapper.framework; name = WebKit.framework; path = System/Library/Frameworks/WebKit.framework; sourceTree = SDKROOT; };
		785B0B481FE414FD000792ED /* DylanZettler_CSPTests.xctest */ = {isa = PBXFileReference; explicitFileType = wrapper.cfbundle; includeInIndex = 0; path = DylanZettler_CSPTests.xctest; sourceTree = BUILT_PRODUCTS_DIR; };
		785B0B491FE414FD000792ED /* DylanZettler_CSPUITests.xctest */ = {isa = PBXFileReference; explicitFileType = wrapper.cfbundle; includeInIndex = 0; path = DylanZettler_CSPUITests.xctest; sourceTree = BUILT_PRODUCTS_DIR; };
		785CF3151FD6F0750063CBCC /* DrawingView.swift */ = {isa = PBXFileReference; lastKnownFileType = sourcecode.swift; path = DrawingView.swift; sourceTree = "<group>"; };
		786013041FA21FB500326F34 /* AppDelegate.swift */ = {isa = PBXFileReference; lastKnownFileType = sourcecode.swift; path = AppDelegate.swift; sourceTree = "<group>"; };
		786013061FA21FB500326F34 /* ViewController.swift */ = {isa = PBXFileReference; lastKnownFileType = sourcecode.swift; path = ViewController.swift; sourceTree = "<group>"; };
		786013091FA21FB500326F34 /* Base */ = {isa = PBXFileReference; lastKnownFileType = file.storyboard; name = Base; path = Base.lproj/Main.storyboard; sourceTree = "<group>"; };
		7860130B1FA21FB500326F34 /* Assets.xcassets */ = {isa = PBXFileReference; lastKnownFileType = folder.assetcatalog; path = Assets.xcassets; sourceTree = "<group>"; };
		786013101FA21FB500326F34 /* Info.plist */ = {isa = PBXFileReference; lastKnownFileType = text.plist.xml; path = Info.plist; sourceTree = "<group>"; };
		786013191FA21FB500326F34 /* DylanZettler_CSPTests.swift */ = {isa = PBXFileReference; lastKnownFileType = sourcecode.swift; path = DylanZettler_CSPTests.swift; sourceTree = "<group>"; };
		7860131B1FA21FB500326F34 /* Info.plist */ = {isa = PBXFileReference; lastKnownFileType = text.plist.xml; path = Info.plist; sourceTree = "<group>"; };
		786013241FA21FB500326F34 /* DylanZettler_CSPUITests.swift */ = {isa = PBXFileReference; lastKnownFileType = sourcecode.swift; path = DylanZettler_CSPUITests.swift; sourceTree = "<group>"; };
		786013261FA21FB500326F34 /* Info.plist */ = {isa = PBXFileReference; lastKnownFileType = text.plist.xml; path = Info.plist; sourceTree = "<group>"; };
		7861192A1FE9686F00D690F0 /* DeathScene.swift */ = {isa = PBXFileReference; lastKnownFileType = sourcecode.swift; path = DeathScene.swift; sourceTree = "<group>"; };
		7896B7341FE174CB004F494F /* Sounds */ = {isa = PBXFileReference; lastKnownFileType = folder; path = Sounds; sourceTree = "<group>"; };
		7896B7361FE176D4004F494F /* Utilities.swift */ = {isa = PBXFileReference; fileEncoding = 4; lastKnownFileType = sourcecode.swift; path = Utilities.swift; sourceTree = "<group>"; };
		7896B7381FE176F8004F494F /* StarField.sks */ = {isa = PBXFileReference; lastKnownFileType = file.sks; path = StarField.sks; sourceTree = "<group>"; };
		7896B73C1FE181E5004F494F /* StartScene.swift */ = {isa = PBXFileReference; lastKnownFileType = sourcecode.swift; path = StartScene.swift; sourceTree = "<group>"; };
		7896B73D1FE181E5004F494F /* GameScene.swift */ = {isa = PBXFileReference; lastKnownFileType = sourcecode.swift; path = GameScene.swift; sourceTree = "<group>"; };
		7896B73E1FE181E6004F494F /* LevelCompleteScene.swift */ = {isa = PBXFileReference; lastKnownFileType = sourcecode.swift; path = LevelCompleteScene.swift; sourceTree = "<group>"; };
		7896B7431FE188AB004F494F /* InvaderLaser.swift */ = {isa = PBXFileReference; lastKnownFileType = sourcecode.swift; path = InvaderLaser.swift; sourceTree = "<group>"; };
		7896B7441FE188AB004F494F /* Projectile.swift */ = {isa = PBXFileReference; lastKnownFileType = sourcecode.swift; path = Projectile.swift; sourceTree = "<group>"; };
		7896B7451FE188AC004F494F /* Player.swift */ = {isa = PBXFileReference; lastKnownFileType = sourcecode.swift; path = Player.swift; sourceTree = "<group>"; };
		7896B7461FE188AC004F494F /* PlayerLaser.swift */ = {isa = PBXFileReference; lastKnownFileType = sourcecode.swift; path = PlayerLaser.swift; sourceTree = "<group>"; };
		7896B7471FE188AC004F494F /* Invader.swift */ = {isa = PBXFileReference; lastKnownFileType = sourcecode.swift; path = Invader.swift; sourceTree = "<group>"; };
		78E212291FB3572C005DE548 /* DylanZettler_CSP.app */ = {isa = PBXFileReference; explicitFileType = wrapper.application; includeInIndex = 0; path = DylanZettler_CSP.app; sourceTree = BUILT_PRODUCTS_DIR; };
		78E2123A1FB35A64005DE548 /* AlgorithmViewController.swift */ = {isa = PBXFileReference; lastKnownFileType = sourcecode.swift; path = AlgorithmViewController.swift; sourceTree = "<group>"; };
		78E2123C1FB35A90005DE548 /* GlobalImpactViewController.swift */ = {isa = PBXFileReference; lastKnownFileType = sourcecode.swift; path = GlobalImpactViewController.swift; sourceTree = "<group>"; };
		78E2123E1FB35AA1005DE548 /* ProgrammingViewController.swift */ = {isa = PBXFileReference; lastKnownFileType = sourcecode.swift; path = ProgrammingViewController.swift; sourceTree = "<group>"; };
		78E212421FB35ABD005DE548 /* AbstractionViewController.swift */ = {isa = PBXFileReference; lastKnownFileType = sourcecode.swift; path = AbstractionViewController.swift; sourceTree = "<group>"; };
		78E212441FB35AD1005DE548 /* DataViewController.swift */ = {isa = PBXFileReference; lastKnownFileType = sourcecode.swift; path = DataViewController.swift; sourceTree = "<group>"; };
		78E212461FB35AE2005DE548 /* CreativityViewController.swift */ = {isa = PBXFileReference; lastKnownFileType = sourcecode.swift; path = CreativityViewController.swift; sourceTree = "<group>"; };
		78E4919C1FD99C720098DA53 /* ArtCell.swift */ = {isa = PBXFileReference; lastKnownFileType = sourcecode.swift; path = ArtCell.swift; sourceTree = "<group>"; };
/* End PBXFileReference section */

/* Begin PBXFrameworksBuildPhase section */
		786012FE1FA21FB500326F34 /* Frameworks */ = {
			isa = PBXFrameworksBuildPhase;
			buildActionMask = 2147483647;
			files = (
				781CE9DE1FCF0B3500BACA8A /* WebKit.framework in Frameworks */,
			);
			runOnlyForDeploymentPostprocessing = 0;
		};
		786013121FA21FB500326F34 /* Frameworks */ = {
			isa = PBXFrameworksBuildPhase;
			buildActionMask = 2147483647;
			files = (
			);
			runOnlyForDeploymentPostprocessing = 0;
		};
		7860131D1FA21FB500326F34 /* Frameworks */ = {
			isa = PBXFrameworksBuildPhase;
			buildActionMask = 2147483647;
			files = (
			);
			runOnlyForDeploymentPostprocessing = 0;
		};
/* End PBXFrameworksBuildPhase section */

/* Begin PBXGroup section */
		781CE9DC1FCF0B3400BACA8A /* Frameworks */ = {
			isa = PBXGroup;
			children = (
				781CE9DD1FCF0B3500BACA8A /* WebKit.framework */,
			);
			name = Frameworks;
			sourceTree = "<group>";
		};
		786012F81FA21FB500326F34 = {
			isa = PBXGroup;
			children = (
				786013321FA21FD100326F34 /* Controller */,
				786013331FA21FD800326F34 /* Model */,
				786013341FA21FDF00326F34 /* View */,
				786013351FA21FE800326F34 /* Resources */,
				786013181FA21FB500326F34 /* DylanZettler_CSPTests */,
				786013231FA21FB500326F34 /* DylanZettler_CSPUITests */,
				78E212291FB3572C005DE548 /* DylanZettler_CSP.app */,
				781CE9DC1FCF0B3400BACA8A /* Frameworks */,
				785B0B481FE414FD000792ED /* DylanZettler_CSPTests.xctest */,
				785B0B491FE414FD000792ED /* DylanZettler_CSPUITests.xctest */,
			);
			sourceTree = "<group>";
		};
		786013181FA21FB500326F34 /* DylanZettler_CSPTests */ = {
			isa = PBXGroup;
			children = (
				786013191FA21FB500326F34 /* DylanZettler_CSPTests.swift */,
				7860131B1FA21FB500326F34 /* Info.plist */,
			);
			path = DylanZettler_CSPTests;
			sourceTree = "<group>";
		};
		786013231FA21FB500326F34 /* DylanZettler_CSPUITests */ = {
			isa = PBXGroup;
			children = (
				786013241FA21FB500326F34 /* DylanZettler_CSPUITests.swift */,
				786013261FA21FB500326F34 /* Info.plist */,
			);
			path = DylanZettler_CSPUITests;
			sourceTree = "<group>";
		};
		786013321FA21FD100326F34 /* Controller */ = {
			isa = PBXGroup;
			children = (
				7896B7421FE1835F004F494F /* GameController */,
				786013041FA21FB500326F34 /* AppDelegate.swift */,
				78E4919C1FD99C720098DA53 /* ArtCell.swift */,
				786013061FA21FB500326F34 /* ViewController.swift */,
				78E212461FB35AE2005DE548 /* CreativityViewController.swift */,
				78E212441FB35AD1005DE548 /* DataViewController.swift */,
				78E212421FB35ABD005DE548 /* AbstractionViewController.swift */,
				78E2123A1FB35A64005DE548 /* AlgorithmViewController.swift */,
				78E2123C1FB35A90005DE548 /* GlobalImpactViewController.swift */,
				78E2123E1FB35AA1005DE548 /* ProgrammingViewController.swift */,
				781CE9DA1FCEFFF800BACA8A /* InternetMasterViewController.swift */,
				781CE9D81FCEFFDF00BACA8A /* InternetDetailViewController.swift */,
			);
			path = Controller;
			sourceTree = "<group>";
		};
		786013331FA21FD800326F34 /* Model */ = {
			isa = PBXGroup;
			children = (
				7896B7471FE188AC004F494F /* Invader.swift */,
				7896B7431FE188AB004F494F /* InvaderLaser.swift */,
				7896B7451FE188AC004F494F /* Player.swift */,
				7896B7461FE188AC004F494F /* PlayerLaser.swift */,
				7896B7441FE188AB004F494F /* Projectile.swift */,
			);
			path = Model;
			sourceTree = "<group>";
		};
		786013341FA21FDF00326F34 /* View */ = {
			isa = PBXGroup;
			children = (
				7896B7381FE176F8004F494F /* StarField.sks */,
				786013081FA21FB500326F34 /* Main.storyboard */,
				785CF3151FD6F0750063CBCC /* DrawingView.swift */,
			);
			path = View;
			sourceTree = "<group>";
		};
		786013351FA21FE800326F34 /* Resources */ = {
			isa = PBXGroup;
			children = (
				7896B7361FE176D4004F494F /* Utilities.swift */,
				7896B7341FE174CB004F494F /* Sounds */,
				786013101FA21FB500326F34 /* Info.plist */,
				7860130B1FA21FB500326F34 /* Assets.xcassets */,
			);
			path = Resources;
			sourceTree = "<group>";
		};
		7896B7421FE1835F004F494F /* GameController */ = {
			isa = PBXGroup;
			children = (
				7896B73C1FE181E5004F494F /* StartScene.swift */,
				7896B73E1FE181E6004F494F /* LevelCompleteScene.swift */,
				7896B73D1FE181E5004F494F /* GameScene.swift */,
				7861192A1FE9686F00D690F0 /* DeathScene.swift */,
			);
			path = GameController;
			sourceTree = "<group>";
		};
/* End PBXGroup section */

/* Begin PBXNativeTarget section */
		786013001FA21FB500326F34 /* DylanZettler_CSP */ = {
			isa = PBXNativeTarget;
			buildConfigurationList = 786013291FA21FB500326F34 /* Build configuration list for PBXNativeTarget "DylanZettler_CSP" */;
			buildPhases = (
				786012FD1FA21FB500326F34 /* Sources */,
				786012FE1FA21FB500326F34 /* Frameworks */,
				786012FF1FA21FB500326F34 /* Resources */,
			);
			buildRules = (
			);
			dependencies = (
			);
			name = DylanZettler_CSP;
			productName = DylanZettler_CSP;
			productReference = 78E212291FB3572C005DE548 /* DylanZettler_CSP.app */;
			productType = "com.apple.product-type.application";
		};
		786013141FA21FB500326F34 /* DylanZettler_CSPTests */ = {
			isa = PBXNativeTarget;
			buildConfigurationList = 7860132C1FA21FB500326F34 /* Build configuration list for PBXNativeTarget "DylanZettler_CSPTests" */;
			buildPhases = (
				786013111FA21FB500326F34 /* Sources */,
				786013121FA21FB500326F34 /* Frameworks */,
				786013131FA21FB500326F34 /* Resources */,
			);
			buildRules = (
			);
			dependencies = (
				786013171FA21FB500326F34 /* PBXTargetDependency */,
			);
			name = DylanZettler_CSPTests;
			productName = DylanZettler_CSPTests;
			productReference = 785B0B481FE414FD000792ED /* DylanZettler_CSPTests.xctest */;
			productType = "com.apple.product-type.bundle.unit-test";
		};
		7860131F1FA21FB500326F34 /* DylanZettler_CSPUITests */ = {
			isa = PBXNativeTarget;
			buildConfigurationList = 7860132F1FA21FB500326F34 /* Build configuration list for PBXNativeTarget "DylanZettler_CSPUITests" */;
			buildPhases = (
				7860131C1FA21FB500326F34 /* Sources */,
				7860131D1FA21FB500326F34 /* Frameworks */,
				7860131E1FA21FB500326F34 /* Resources */,
			);
			buildRules = (
			);
			dependencies = (
				786013221FA21FB500326F34 /* PBXTargetDependency */,
			);
			name = DylanZettler_CSPUITests;
			productName = DylanZettler_CSPUITests;
			productReference = 785B0B491FE414FD000792ED /* DylanZettler_CSPUITests.xctest */;
			productType = "com.apple.product-type.bundle.ui-testing";
		};
/* End PBXNativeTarget section */

/* Begin PBXProject section */
		786012F91FA21FB500326F34 /* Project object */ = {
			isa = PBXProject;
			attributes = {
				LastSwiftUpdateCheck = 0900;
				LastUpgradeCheck = 0900;
				ORGANIZATIONNAME = CTEC;
				TargetAttributes = {
					786013001FA21FB500326F34 = {
						CreatedOnToolsVersion = 9.0;
						ProvisioningStyle = Automatic;
					};
					786013141FA21FB500326F34 = {
						CreatedOnToolsVersion = 9.0;
						ProvisioningStyle = Automatic;
						TestTargetID = 786013001FA21FB500326F34;
					};
					7860131F1FA21FB500326F34 = {
						CreatedOnToolsVersion = 9.0;
						ProvisioningStyle = Automatic;
						TestTargetID = 786013001FA21FB500326F34;
					};
				};
			};
			buildConfigurationList = 786012FC1FA21FB500326F34 /* Build configuration list for PBXProject "DylanZettler_CSP" */;
			compatibilityVersion = "Xcode 8.0";
			developmentRegion = en;
			hasScannedForEncodings = 0;
			knownRegions = (
				en,
				Base,
			);
			mainGroup = 786012F81FA21FB500326F34;
			productRefGroup = 786012F81FA21FB500326F34;
			projectDirPath = "";
			projectRoot = "";
			targets = (
				786013001FA21FB500326F34 /* DylanZettler_CSP */,
				786013141FA21FB500326F34 /* DylanZettler_CSPTests */,
				7860131F1FA21FB500326F34 /* DylanZettler_CSPUITests */,
			);
		};
/* End PBXProject section */

/* Begin PBXResourcesBuildPhase section */
		786012FF1FA21FB500326F34 /* Resources */ = {
			isa = PBXResourcesBuildPhase;
			buildActionMask = 2147483647;
			files = (
				7860130C1FA21FB500326F34 /* Assets.xcassets in Resources */,
				7860130A1FA21FB500326F34 /* Main.storyboard in Resources */,
				7896B7391FE176F8004F494F /* StarField.sks in Resources */,
				7896B7351FE174CB004F494F /* Sounds in Resources */,
			);
			runOnlyForDeploymentPostprocessing = 0;
		};
		786013131FA21FB500326F34 /* Resources */ = {
			isa = PBXResourcesBuildPhase;
			buildActionMask = 2147483647;
			files = (
			);
			runOnlyForDeploymentPostprocessing = 0;
		};
		7860131E1FA21FB500326F34 /* Resources */ = {
			isa = PBXResourcesBuildPhase;
			buildActionMask = 2147483647;
			files = (
			);
			runOnlyForDeploymentPostprocessing = 0;
		};
/* End PBXResourcesBuildPhase section */

/* Begin PBXSourcesBuildPhase section */
		786012FD1FA21FB500326F34 /* Sources */ = {
			isa = PBXSourcesBuildPhase;
			buildActionMask = 2147483647;
			files = (
				7896B7401FE181E6004F494F /* GameScene.swift in Sources */,
				78E212451FB35AD1005DE548 /* DataViewController.swift in Sources */,
				7896B7411FE181E6004F494F /* LevelCompleteScene.swift in Sources */,
				7896B73F1FE181E6004F494F /* StartScene.swift in Sources */,
				781CE9DB1FCEFFF800BACA8A /* InternetMasterViewController.swift in Sources */,
				78E2123B1FB35A64005DE548 /* AlgorithmViewController.swift in Sources */,
				7896B7491FE188AC004F494F /* Projectile.swift in Sources */,
				78E2123F1FB35AA1005DE548 /* ProgrammingViewController.swift in Sources */,
				7896B74B1FE188AC004F494F /* PlayerLaser.swift in Sources */,
				7896B7371FE176D4004F494F /* Utilities.swift in Sources */,
				786013071FA21FB500326F34 /* ViewController.swift in Sources */,
				786013051FA21FB500326F34 /* AppDelegate.swift in Sources */,
				78E2123D1FB35A90005DE548 /* GlobalImpactViewController.swift in Sources */,
				78E212431FB35ABD005DE548 /* AbstractionViewController.swift in Sources */,
				7896B7481FE188AC004F494F /* InvaderLaser.swift in Sources */,
				781CE9D91FCEFFDF00BACA8A /* InternetDetailViewController.swift in Sources */,
				7896B74C1FE188AC004F494F /* Invader.swift in Sources */,
				785CF3161FD6F0750063CBCC /* DrawingView.swift in Sources */,
				7896B74A1FE188AC004F494F /* Player.swift in Sources */,
				7861192B1FE9686F00D690F0 /* DeathScene.swift in Sources */,
				78E212471FB35AE2005DE548 /* CreativityViewController.swift in Sources */,
				78E4919D1FD99C720098DA53 /* ArtCell.swift in Sources */,
			);
			runOnlyForDeploymentPostprocessing = 0;
		};
		786013111FA21FB500326F34 /* Sources */ = {
			isa = PBXSourcesBuildPhase;
			buildActionMask = 2147483647;
			files = (
				7860131A1FA21FB500326F34 /* DylanZettler_CSPTests.swift in Sources */,
			);
			runOnlyForDeploymentPostprocessing = 0;
		};
		7860131C1FA21FB500326F34 /* Sources */ = {
			isa = PBXSourcesBuildPhase;
			buildActionMask = 2147483647;
			files = (
				786013251FA21FB500326F34 /* DylanZettler_CSPUITests.swift in Sources */,
			);
			runOnlyForDeploymentPostprocessing = 0;
		};
/* End PBXSourcesBuildPhase section */

/* Begin PBXTargetDependency section */
		786013171FA21FB500326F34 /* PBXTargetDependency */ = {
			isa = PBXTargetDependency;
			target = 786013001FA21FB500326F34 /* DylanZettler_CSP */;
			targetProxy = 786013161FA21FB500326F34 /* PBXContainerItemProxy */;
		};
		786013221FA21FB500326F34 /* PBXTargetDependency */ = {
			isa = PBXTargetDependency;
			target = 786013001FA21FB500326F34 /* DylanZettler_CSP */;
			targetProxy = 786013211FA21FB500326F34 /* PBXContainerItemProxy */;
		};
/* End PBXTargetDependency section */

/* Begin PBXVariantGroup section */
		786013081FA21FB500326F34 /* Main.storyboard */ = {
			isa = PBXVariantGroup;
			children = (
				786013091FA21FB500326F34 /* Base */,
			);
			name = Main.storyboard;
			sourceTree = "<group>";
		};
/* End PBXVariantGroup section */

/* Begin XCBuildConfiguration section */
		786013271FA21FB500326F34 /* Debug */ = {
			isa = XCBuildConfiguration;
			buildSettings = {
				ALWAYS_SEARCH_USER_PATHS = NO;
				CLANG_ANALYZER_NONNULL = YES;
				CLANG_ANALYZER_NUMBER_OBJECT_CONVERSION = YES_AGGRESSIVE;
				CLANG_CXX_LANGUAGE_STANDARD = "gnu++14";
				CLANG_CXX_LIBRARY = "libc++";
				CLANG_ENABLE_MODULES = YES;
				CLANG_ENABLE_OBJC_ARC = YES;
				CLANG_WARN_BLOCK_CAPTURE_AUTORELEASING = YES;
				CLANG_WARN_BOOL_CONVERSION = YES;
				CLANG_WARN_COMMA = YES;
				CLANG_WARN_CONSTANT_CONVERSION = YES;
				CLANG_WARN_DIRECT_OBJC_ISA_USAGE = YES_ERROR;
				CLANG_WARN_DOCUMENTATION_COMMENTS = YES;
				CLANG_WARN_EMPTY_BODY = YES;
				CLANG_WARN_ENUM_CONVERSION = YES;
				CLANG_WARN_INFINITE_RECURSION = YES;
				CLANG_WARN_INT_CONVERSION = YES;
				CLANG_WARN_NON_LITERAL_NULL_CONVERSION = YES;
				CLANG_WARN_OBJC_LITERAL_CONVERSION = YES;
				CLANG_WARN_OBJC_ROOT_CLASS = YES_ERROR;
				CLANG_WARN_RANGE_LOOP_ANALYSIS = YES;
				CLANG_WARN_STRICT_PROTOTYPES = YES;
				CLANG_WARN_SUSPICIOUS_MOVE = YES;
				CLANG_WARN_UNGUARDED_AVAILABILITY = YES_AGGRESSIVE;
				CLANG_WARN_UNREACHABLE_CODE = YES;
				CLANG_WARN__DUPLICATE_METHOD_MATCH = YES;
				CODE_SIGN_IDENTITY = "iPhone Developer";
				COPY_PHASE_STRIP = NO;
				DEBUG_INFORMATION_FORMAT = dwarf;
				ENABLE_STRICT_OBJC_MSGSEND = YES;
				ENABLE_TESTABILITY = YES;
				GCC_C_LANGUAGE_STANDARD = gnu11;
				GCC_DYNAMIC_NO_PIC = NO;
				GCC_NO_COMMON_BLOCKS = YES;
				GCC_OPTIMIZATION_LEVEL = 0;
				GCC_PREPROCESSOR_DEFINITIONS = (
					"DEBUG=1",
					"$(inherited)",
				);
				GCC_WARN_64_TO_32_BIT_CONVERSION = YES;
				GCC_WARN_ABOUT_RETURN_TYPE = YES_ERROR;
				GCC_WARN_UNDECLARED_SELECTOR = YES;
				GCC_WARN_UNINITIALIZED_AUTOS = YES_AGGRESSIVE;
				GCC_WARN_UNUSED_FUNCTION = YES;
				GCC_WARN_UNUSED_VARIABLE = YES;
				IPHONEOS_DEPLOYMENT_TARGET = 11.0;
				MTL_ENABLE_DEBUG_INFO = YES;
				ONLY_ACTIVE_ARCH = YES;
				SDKROOT = iphoneos;
				SWIFT_ACTIVE_COMPILATION_CONDITIONS = DEBUG;
				SWIFT_OPTIMIZATION_LEVEL = "-Onone";
			};
			name = Debug;
		};
		786013281FA21FB500326F34 /* Release */ = {
			isa = XCBuildConfiguration;
			buildSettings = {
				ALWAYS_SEARCH_USER_PATHS = NO;
				CLANG_ANALYZER_NONNULL = YES;
				CLANG_ANALYZER_NUMBER_OBJECT_CONVERSION = YES_AGGRESSIVE;
				CLANG_CXX_LANGUAGE_STANDARD = "gnu++14";
				CLANG_CXX_LIBRARY = "libc++";
				CLANG_ENABLE_MODULES = YES;
				CLANG_ENABLE_OBJC_ARC = YES;
				CLANG_WARN_BLOCK_CAPTURE_AUTORELEASING = YES;
				CLANG_WARN_BOOL_CONVERSION = YES;
				CLANG_WARN_COMMA = YES;
				CLANG_WARN_CONSTANT_CONVERSION = YES;
				CLANG_WARN_DIRECT_OBJC_ISA_USAGE = YES_ERROR;
				CLANG_WARN_DOCUMENTATION_COMMENTS = YES;
				CLANG_WARN_EMPTY_BODY = YES;
				CLANG_WARN_ENUM_CONVERSION = YES;
				CLANG_WARN_INFINITE_RECURSION = YES;
				CLANG_WARN_INT_CONVERSION = YES;
				CLANG_WARN_NON_LITERAL_NULL_CONVERSION = YES;
				CLANG_WARN_OBJC_LITERAL_CONVERSION = YES;
				CLANG_WARN_OBJC_ROOT_CLASS = YES_ERROR;
				CLANG_WARN_RANGE_LOOP_ANALYSIS = YES;
				CLANG_WARN_STRICT_PROTOTYPES = YES;
				CLANG_WARN_SUSPICIOUS_MOVE = YES;
				CLANG_WARN_UNGUARDED_AVAILABILITY = YES_AGGRESSIVE;
				CLANG_WARN_UNREACHABLE_CODE = YES;
				CLANG_WARN__DUPLICATE_METHOD_MATCH = YES;
				CODE_SIGN_IDENTITY = "iPhone Developer";
				COPY_PHASE_STRIP = NO;
				DEBUG_INFORMATION_FORMAT = "dwarf-with-dsym";
				ENABLE_NS_ASSERTIONS = NO;
				ENABLE_STRICT_OBJC_MSGSEND = YES;
				GCC_C_LANGUAGE_STANDARD = gnu11;
				GCC_NO_COMMON_BLOCKS = YES;
				GCC_WARN_64_TO_32_BIT_CONVERSION = YES;
				GCC_WARN_ABOUT_RETURN_TYPE = YES_ERROR;
				GCC_WARN_UNDECLARED_SELECTOR = YES;
				GCC_WARN_UNINITIALIZED_AUTOS = YES_AGGRESSIVE;
				GCC_WARN_UNUSED_FUNCTION = YES;
				GCC_WARN_UNUSED_VARIABLE = YES;
				IPHONEOS_DEPLOYMENT_TARGET = 11.0;
				MTL_ENABLE_DEBUG_INFO = NO;
				SDKROOT = iphoneos;
				SWIFT_OPTIMIZATION_LEVEL = "-Owholemodule";
				VALIDATE_PRODUCT = YES;
			};
			name = Release;
		};
		7860132A1FA21FB500326F34 /* Debug */ = {
			isa = XCBuildConfiguration;
			buildSettings = {
				ASSETCATALOG_COMPILER_APPICON_NAME = AppIcon;
				CODE_SIGN_STYLE = Automatic;
				DEVELOPMENT_TEAM = X77K8LBKTS;
				INFOPLIST_FILE = "$(SRCROOT)/Resources/Info.plist";
				LD_RUNPATH_SEARCH_PATHS = "$(inherited) @executable_path/Frameworks";
				PRODUCT_BUNDLE_IDENTIFIER = "CTEC.DylanZettler-CSP";
				PRODUCT_NAME = "$(TARGET_NAME)";
				SWIFT_VERSION = 4.0;
				TARGETED_DEVICE_FAMILY = "1,2";
			};
			name = Debug;
		};
		7860132B1FA21FB500326F34 /* Release */ = {
			isa = XCBuildConfiguration;
			buildSettings = {
				ASSETCATALOG_COMPILER_APPICON_NAME = AppIcon;
				CODE_SIGN_STYLE = Automatic;
				DEVELOPMENT_TEAM = X77K8LBKTS;
				INFOPLIST_FILE = "$(SRCROOT)/Resources/Info.plist";
				LD_RUNPATH_SEARCH_PATHS = "$(inherited) @executable_path/Frameworks";
				PRODUCT_BUNDLE_IDENTIFIER = "CTEC.DylanZettler-CSP";
				PRODUCT_NAME = "$(TARGET_NAME)";
				SWIFT_VERSION = 4.0;
				TARGETED_DEVICE_FAMILY = "1,2";
			};
			name = Release;
		};
		7860132D1FA21FB500326F34 /* Debug */ = {
			isa = XCBuildConfiguration;
			buildSettings = {
				ALWAYS_EMBED_SWIFT_STANDARD_LIBRARIES = YES;
				BUNDLE_LOADER = "$(TEST_HOST)";
				CODE_SIGN_STYLE = Automatic;
				INFOPLIST_FILE = DylanZettler_CSPTests/Info.plist;
				LD_RUNPATH_SEARCH_PATHS = "$(inherited) @executable_path/Frameworks @loader_path/Frameworks";
				PRODUCT_BUNDLE_IDENTIFIER = "CTEC.DylanZettler-CSPTests";
				PRODUCT_NAME = "$(TARGET_NAME)";
				SWIFT_VERSION = 4.0;
				TARGETED_DEVICE_FAMILY = "1,2";
				TEST_HOST = "$(BUILT_PRODUCTS_DIR)/DylanZettler_CSP.app/DylanZettler_CSP";
			};
			name = Debug;
		};
		7860132E1FA21FB500326F34 /* Release */ = {
			isa = XCBuildConfiguration;
			buildSettings = {
				ALWAYS_EMBED_SWIFT_STANDARD_LIBRARIES = YES;
				BUNDLE_LOADER = "$(TEST_HOST)";
				CODE_SIGN_STYLE = Automatic;
				INFOPLIST_FILE = DylanZettler_CSPTests/Info.plist;
				LD_RUNPATH_SEARCH_PATHS = "$(inherited) @executable_path/Frameworks @loader_path/Frameworks";
				PRODUCT_BUNDLE_IDENTIFIER = "CTEC.DylanZettler-CSPTests";
				PRODUCT_NAME = "$(TARGET_NAME)";
				SWIFT_VERSION = 4.0;
				TARGETED_DEVICE_FAMILY = "1,2";
				TEST_HOST = "$(BUILT_PRODUCTS_DIR)/DylanZettler_CSP.app/DylanZettler_CSP";
			};
			name = Release;
		};
		786013301FA21FB500326F34 /* Debug */ = {
			isa = XCBuildConfiguration;
			buildSettings = {
				ALWAYS_EMBED_SWIFT_STANDARD_LIBRARIES = YES;
				CODE_SIGN_STYLE = Automatic;
				INFOPLIST_FILE = DylanZettler_CSPUITests/Info.plist;
				LD_RUNPATH_SEARCH_PATHS = "$(inherited) @executable_path/Frameworks @loader_path/Frameworks";
				PRODUCT_BUNDLE_IDENTIFIER = "CTEC.DylanZettler-CSPUITests";
				PRODUCT_NAME = "$(TARGET_NAME)";
				SWIFT_VERSION = 4.0;
				TARGETED_DEVICE_FAMILY = "1,2";
				TEST_TARGET_NAME = DylanZettler_CSP;
			};
			name = Debug;
		};
		786013311FA21FB500326F34 /* Release */ = {
			isa = XCBuildConfiguration;
			buildSettings = {
				ALWAYS_EMBED_SWIFT_STANDARD_LIBRARIES = YES;
				CODE_SIGN_STYLE = Automatic;
				INFOPLIST_FILE = DylanZettler_CSPUITests/Info.plist;
				LD_RUNPATH_SEARCH_PATHS = "$(inherited) @executable_path/Frameworks @loader_path/Frameworks";
				PRODUCT_BUNDLE_IDENTIFIER = "CTEC.DylanZettler-CSPUITests";
				PRODUCT_NAME = "$(TARGET_NAME)";
				SWIFT_VERSION = 4.0;
				TARGETED_DEVICE_FAMILY = "1,2";
				TEST_TARGET_NAME = DylanZettler_CSP;
			};
			name = Release;
		};
/* End XCBuildConfiguration section */

/* Begin XCConfigurationList section */
		786012FC1FA21FB500326F34 /* Build configuration list for PBXProject "DylanZettler_CSP" */ = {
			isa = XCConfigurationList;
			buildConfigurations = (
				786013271FA21FB500326F34 /* Debug */,
				786013281FA21FB500326F34 /* Release */,
			);
			defaultConfigurationIsVisible = 0;
			defaultConfigurationName = Release;
		};
		786013291FA21FB500326F34 /* Build configuration list for PBXNativeTarget "DylanZettler_CSP" */ = {
			isa = XCConfigurationList;
			buildConfigurations = (
				7860132A1FA21FB500326F34 /* Debug */,
				7860132B1FA21FB500326F34 /* Release */,
			);
			defaultConfigurationIsVisible = 0;
			defaultConfigurationName = Release;
		};
		7860132C1FA21FB500326F34 /* Build configuration list for PBXNativeTarget "DylanZettler_CSPTests" */ = {
			isa = XCConfigurationList;
			buildConfigurations = (
				7860132D1FA21FB500326F34 /* Debug */,
				7860132E1FA21FB500326F34 /* Release */,
			);
			defaultConfigurationIsVisible = 0;
			defaultConfigurationName = Release;
		};
		7860132F1FA21FB500326F34 /* Build configuration list for PBXNativeTarget "DylanZettler_CSPUITests" */ = {
			isa = XCConfigurationList;
			buildConfigurations = (
				786013301FA21FB500326F34 /* Debug */,
				786013311FA21FB500326F34 /* Release */,
			);
			defaultConfigurationIsVisible = 0;
			defaultConfigurationName = Release;
		};
/* End XCConfigurationList section */
	};
	rootObject = 786012F91FA21FB500326F34 /* Project object */;
}
